
Microsoft Visual Studio Solution File, Format Version 12.00
# Visual Studio Version 16
VisualStudioVersion = 16.0.29102.190
MinimumVisualStudioVersion = 10.0.40219.1
Project("{FAE04EC0-301F-11D3-BF4B-00C04F79EFBC}") = "MercadoTech", "MercadoTech\MercadoTech.csproj", "{380C508F-B8AF-4326-A9B9-BE355FD74DE5}"
EndProject
Project("{FAE04EC0-301F-11D3-BF4B-00C04F79EFBC}") = "MercadoTechLibrary", "MercadoTechLibrary\MercadoTechLibrary.csproj", "{A7EF3C60-66DD-4893-9E5C-B5DF81DE32A4}"
EndProject
Global
	GlobalSection(SolutionConfigurationPlatforms) = preSolution
		Debug|Any CPU = Debug|Any CPU
		Release|Any CPU = Release|Any CPU
	EndGlobalSection
	GlobalSection(ProjectConfigurationPlatforms) = postSolution
		{380C508F-B8AF-4326-A9B9-BE355FD74DE5}.Debug|Any CPU.ActiveCfg = Debug|Any CPU
		{380C508F-B8AF-4326-A9B9-BE355FD74DE5}.Debug|Any CPU.Build.0 = Debug|Any CPU
		{380C508F-B8AF-4326-A9B9-BE355FD74DE5}.Release|Any CPU.ActiveCfg = Release|Any CPU
		{380C508F-B8AF-4326-A9B9-BE355FD74DE5}.Release|Any CPU.Build.0 = Release|Any CPU
		{A7EF3C60-66DD-4893-9E5C-B5DF81DE32A4}.Debug|Any CPU.ActiveCfg = Debug|Any CPU
		{A7EF3C60-66DD-4893-9E5C-B5DF81DE32A4}.Debug|Any CPU.Build.0 = Debug|Any CPU
		{A7EF3C60-66DD-4893-9E5C-B5DF81DE32A4}.Release|Any CPU.ActiveCfg = Release|Any CPU
		{A7EF3C60-66DD-4893-9E5C-B5DF81DE32A4}.Release|Any CPU.Build.0 = Release|Any CPU
	EndGlobalSection
	GlobalSection(SolutionProperties) = preSolution
		HideSolutionNode = FALSE
	EndGlobalSection
	GlobalSection(ExtensibilityGlobals) = postSolution
		SolutionGuid = {238F0311-CED4-43A6-A79D-ED8544EBC274}
	EndGlobalSection
EndGlobal
